github.com/coder/websocket v1.8.15 h1:6B2JPeOGlpff2Uz6vOEH1Vzpi0iUz20A+lPVhPHtNUA=
github.com/coder/websocket v1.8.15/go.mod h1:NX3SzP+inril6yawo5CQXx8+fk145lPDC6pumgx0mVg=
github.com/phuslu/iploc v1.0.20260715 h1:XNz15mE+AwYG+ll2DX6gBJL4K+M6pUqyw1JmYM4GBVQ=
github.com/phuslu/iploc v1.0.20260715/go.mod h1:VZqAWoi2A80YPvfk1AizLGHavNIG9nhBC8d87D/SeVs=
